// !$*UTF8*$!
{
	archiveVersion = 1;
	classes = {
	};
	objectVersion = 50;
	objects = {

/* Begin PBXBuildFile section */
		0416A869251C42E600BD177C /* AppDelegate.m in Sources */ = {isa = PBXBuildFile; fileRef = 0416A868251C42E600BD177C /* AppDelegate.m */; };
		0416A86C251C42E600BD177C /* SceneDelegate.m in Sources */ = {isa = PBXBuildFile; fileRef = 0416A86B251C42E600BD177C /* SceneDelegate.m */; };
		0416A86F251C42E600BD177C /* ViewController.m in Sources */ = {isa = PBXBuildFile; fileRef = 0416A86E251C42E600BD177C /* ViewController.m */; };
		0416A872251C42E600BD177C /* Main.storyboard in Resources */ = {isa = PBXBuildFile; fileRef = 0416A870251C42E600BD177C /* Main.storyboard */; };
		0416A874251C42EA00BD177C /* Assets.xcassets in Resources */ = {isa = PBXBuildFile; fileRef = 0416A873251C42EA00BD177C /* Assets.xcassets */; };
		0416A877251C42EA00BD177C /* LaunchScreen.storyboard in Resources */ = {isa = PBXBuildFile; fileRef = 0416A875251C42EA00BD177C /* LaunchScreen.storyboard */; };
		0416A87A251C42EA00BD177C /* main.m in Sources */ = {isa = PBXBuildFile; fileRef = 0416A879251C42EA00BD177C /* main.m */; };
		0416A884251C45B800BD177C /* UIPageControl+Fix4iOS14.m in Sources */ = {isa = PBXBuildFile; fileRef = 0416A883251C45B800BD177C /* UIPageControl+Fix4iOS14.m */; };
		04560928251D80D700E5F975 /* Localizable.strings in Resources */ = {isa = PBXBuildFile; fileRef = 0456092A251D80D700E5F975 /* Localizable.strings */; };
		04560933251D830600E5F975 /* KNLanguageManager.m in Sources */ = {isa = PBXBuildFile; fileRef = 04560932251D830600E5F975 /* KNLanguageManager.m */; };
		04560941251D8F1D00E5F975 /* KNchangeRootVCTool.m in Sources */ = {isa = PBXBuildFile; fileRef = 04560940251D8F1D00E5F975 /* KNchangeRootVCTool.m */; };
		08CD2073EE8F8FFDA3F0BF60 /* libPods-iUIPageControlFix4iOS14.a in Frameworks */ = {isa = PBXBuildFile; fileRef = 1FA7E967B7A9C2AADB8E6ABE /* libPods-iUIPageControlFix4iOS14.a */; };
/* End PBXBuildFile section */

/* Begin PBXFileReference section */
		0416A864251C42E600BD177C /* iUIPageControlFix4iOS14.app */ = {isa = PBXFileReference; explicitFileType = wrapper.application; includeInIndex = 0; path = iUIPageControlFix4iOS14.app; sourceTree = BUILT_PRODUCTS_DIR; };
		0416A867251C42E600BD177C /* AppDelegate.h */ = {isa = PBXFileReference; lastKnownFileType = sourcecode.c.h; path = AppDelegate.h; sourceTree = "<group>"; };
		0416A868251C42E600BD177C /* AppDelegate.m */ = {isa = PBXFileReference; lastKnownFileType = sourcecode.c.objc; path = AppDelegate.m; sourceTree = "<group>"; };
		0416A86A251C42E600BD177C /* SceneDelegate.h */ = {isa = PBXFileReference; lastKnownFileType = sourcecode.c.h; path = SceneDelegate.h; sourceTree = "<group>"; };
		0416A86B251C42E600BD177C /* SceneDelegate.m */ = {isa = PBXFileReference; lastKnownFileType = sourcecode.c.objc; path = SceneDelegate.m; sourceTree = "<group>"; };
		0416A86D251C42E600BD177C /* ViewController.h */ = {isa = PBXFileReference; lastKnownFileType = sourcecode.c.h; path = ViewController.h; sourceTree = "<group>"; };
		0416A86E251C42E600BD177C /* ViewController.m */ = {isa = PBXFileReference; lastKnownFileType = sourcecode.c.objc; path = ViewController.m; sourceTree = "<group>"; };
		0416A871251C42E600BD177C /* Base */ = {isa = PBXFileReference; lastKnownFileType = file.storyboard; name = Base; path = Base.lproj/Main.storyboard; sourceTree = "<group>"; };
		0416A873251C42EA00BD177C /* Assets.xcassets */ = {isa = PBXFileReference; lastKnownFileType = folder.assetcatalog; path = Assets.xcassets; sourceTree = "<group>"; };
		0416A876251C42EA00BD177C /* Base */ = {isa = PBXFileReference; lastKnownFileType = file.storyboard; name = Base; path = Base.lproj/LaunchScreen.storyboard; sourceTree = "<group>"; };
		0416A878251C42EA00BD177C /* Info.plist */ = {isa = PBXFileReference; lastKnownFileType = text.plist.xml; path = Info.plist; sourceTree = "<group>"; };
		0416A879251C42EA00BD177C /* main.m */ = {isa = PBXFileReference; lastKnownFileType = sourcecode.c.objc; path = main.m; sourceTree = "<group>"; };
		0416A882251C45B800BD177C /* UIPageControl+Fix4iOS14.h */ = {isa = PBXFileReference; lastKnownFileType = sourcecode.c.h; path = "UIPageControl+Fix4iOS14.h"; sourceTree = "<group>"; };
		0416A883251C45B800BD177C /* UIPageControl+Fix4iOS14.m */ = {isa = PBXFileReference; lastKnownFileType = sourcecode.c.objc; path = "UIPageControl+Fix4iOS14.m"; sourceTree = "<group>"; };
		04560929251D80D700E5F975 /* en */ = {isa = PBXFileReference; lastKnownFileType = text.plist.strings; name = en; path = en.lproj/Localizable.strings; sourceTree = "<group>"; };
		0456092C251D80EA00E5F975 /* zh-Hans */ = {isa = PBXFileReference; lastKnownFileType = text.plist.strings; name = "zh-Hans"; path = "zh-Hans.lproj/Main.strings"; sourceTree = "<group>"; };
		0456092D251D80EB00E5F975 /* zh-Hans */ = {isa = PBXFileReference; lastKnownFileType = text.plist.strings; name = "zh-Hans"; path = "zh-Hans.lproj/LaunchScreen.strings"; sourceTree = "<group>"; };
		0456092E251D80EB00E5F975 /* zh-Hans */ = {isa = PBXFileReference; lastKnownFileType = text.plist.strings; name = "zh-Hans"; path = "zh-Hans.lproj/Localizable.strings"; sourceTree = "<group>"; };
		04560931251D830600E5F975 /* KNLanguageManager.h */ = {isa = PBXFileReference; lastKnownFileType = sourcecode.c.h; path = KNLanguageManager.h; sourceTree = "<group>"; };
		04560932251D830600E5F975 /* KNLanguageManager.m */ = {isa = PBXFileReference; lastKnownFileType = sourcecode.c.objc; path = KNLanguageManager.m; sourceTree = "<group>"; };
		0456093F251D8F1D00E5F975 /* KNchangeRootVCTool.h */ = {isa = PBXFileReference; lastKnownFileType = sourcecode.c.h; path = KNchangeRootVCTool.h; sourceTree = "<group>"; };
		04560940251D8F1D00E5F975 /* KNchangeRootVCTool.m */ = {isa = PBXFileReference; lastKnownFileType = sourcecode.c.objc; path = KNchangeRootVCTool.m; sourceTree = "<group>"; };
		1FA7E967B7A9C2AADB8E6ABE /* libPods-iUIPageControlFix4iOS14.a */ = {isa = PBXFileReference; explicitFileType = archive.ar; includeInIndex = 0; path = "libPods-iUIPageControlFix4iOS14.a"; sourceTree = BUILT_PRODUCTS_DIR; };
		5AE39AEF2D3BE397AF13206A /* Pods-iUIPageControlFix4iOS14.debug.xcconfig */ = {isa = PBXFileReference; includeInIndex = 1; lastKnownFileType = text.xcconfig; name = "Pods-iUIPageControlFix4iOS14.debug.xcconfig"; path = "Target Support Files/Pods-iUIPageControlFix4iOS14/Pods-iUIPageControlFix4iOS14.debug.xcconfig"; sourceTree = "<group>"; };
		A16CF6C4961D28453F99ED72 /* Pods-iUIPageControlFix4iOS14.release.xcconfig */ = {isa = PBXFileReference; includeInIndex = 1; lastKnownFileType = text.xcconfig; name = "Pods-iUIPageControlFix4iOS14.release.xcconfig"; path = "Target Support Files/Pods-iUIPageControlFix4iOS14/Pods-iUIPageControlFix4iOS14.release.xcconfig"; sourceTree = "<group>"; };
/* End PBXFileReference section */

/* Begin PBXFrameworksBuildPhase section */
		0416A861251C42E600BD177C /* Frameworks */ = {
			isa = PBXFrameworksBuildPhase;
			buildActionMask = 2147483647;
			files = (
				08CD2073EE8F8FFDA3F0BF60 /* libPods-iUIPageControlFix4iOS14.a in Frameworks */,
			);
			runOnlyForDeploymentPostprocessing = 0;
		};
/* End PBXFrameworksBuildPhase section */

/* Begin PBXGroup section */
		0416A85B251C42E600BD177C = {
			isa = PBXGroup;
			children = (
				0416A866251C42E600BD177C /* iUIPageControlFix4iOS14 */,
				0416A865251C42E600BD177C /* Products */,
				4493BCBD7BE9D5D24A6AB1B2 /* Pods */,
				36D57458B043AE5E715E96D7 /* Frameworks */,
			);
			sourceTree = "<group>";
		};
		0416A865251C42E600BD177C /* Products */ = {
			isa = PBXGroup;
			children = (
				0416A864251C42E600BD177C /* iUIPageControlFix4iOS14.app */,
			);
			name = Products;
			sourceTree = "<group>";
		};
		0416A866251C42E600BD177C /* iUIPageControlFix4iOS14 */ = {
			isa = PBXGroup;
			children = (
				0456093E251D8F0800E5F975 /* tool */,
				0456093C251D8CEB00E5F975 /* main */,
				04560930251D82F500E5F975 /* LanguageManager */,
				04560923251D805700E5F975 /* Localizable_strings */,
				0416A881251C45A500BD177C /* Fix4iOS14 */,
				0416A867251C42E600BD177C /* AppDelegate.h */,
				0416A868251C42E600BD177C /* AppDelegate.m */,
				0416A86A251C42E600BD177C /* SceneDelegate.h */,
				0416A86B251C42E600BD177C /* SceneDelegate.m */,
				04560936251D867600E5F975 /* VC */,
				0416A870251C42E600BD177C /* Main.storyboard */,
				0416A873251C42EA00BD177C /* Assets.xcassets */,
				0416A875251C42EA00BD177C /* LaunchScreen.storyboard */,
				0416A878251C42EA00BD177C /* Info.plist */,
				0416A879251C42EA00BD177C /* main.m */,
			);
			path = iUIPageControlFix4iOS14;
			sourceTree = "<group>";
		};
		0416A881251C45A500BD177C /* Fix4iOS14 */ = {
			isa = PBXGroup;
			children = (
				0416A882251C45B800BD177C /* UIPageControl+Fix4iOS14.h */,
				0416A883251C45B800BD177C /* UIPageControl+Fix4iOS14.m */,
			);
			path = Fix4iOS14;
			sourceTree = "<group>";
		};
		04560923251D805700E5F975 /* Localizable_strings */ = {
			isa = PBXGroup;
			children = (
				0456092A251D80D700E5F975 /* Localizable.strings */,
			);
			path = Localizable_strings;
			sourceTree = "<group>";
		};
		04560930251D82F500E5F975 /* LanguageManager */ = {
			isa = PBXGroup;
			children = (
				04560931251D830600E5F975 /* KNLanguageManager.h */,
				04560932251D830600E5F975 /* KNLanguageManager.m */,
			);
			path = LanguageManager;
			sourceTree = "<group>";
		};
		04560936251D867600E5F975 /* VC */ = {
			isa = PBXGroup;
			children = (
				0416A86D251C42E600BD177C /* ViewController.h */,
				0416A86E251C42E600BD177C /* ViewController.m */,
			);
			path = VC;
			sourceTree = "<group>";
		};
		0456093C251D8CEB00E5F975 /* main */ = {
			isa = PBXGroup;
			children = (
			);
			path = main;
			sourceTree = "<group>";
		};
		0456093E251D8F0800E5F975 /* tool */ = {
			isa = PBXGroup;
			children = (
				0456093F251D8F1D00E5F975 /* KNchangeRootVCTool.h */,
				04560940251D8F1D00E5F975 /* KNchangeRootVCTool.m */,
			);
			path = tool;
			sourceTree = "<group>";
		};
		36D57458B043AE5E715E96D7 /* Frameworks */ = {
			isa = PBXGroup;
			children = (
				1FA7E967B7A9C2AADB8E6ABE /* libPods-iUIPageControlFix4iOS14.a */,
			);
			name = Frameworks;
			sourceTree = "<group>";
		};
		4493BCBD7BE9D5D24A6AB1B2 /* Pods */ = {
			isa = PBXGroup;
			children = (
				5AE39AEF2D3BE397AF13206A /* Pods-iUIPageControlFix4iOS14.debug.xcconfig */,
				A16CF6C4961D28453F99ED72 /* Pods-iUIPageControlFix4iOS14.release.xcconfig */,
			);
			path = Pods;
			sourceTree = "<group>";
		};
/* End PBXGroup section */

/* Begin PBXNativeTarget section */
		0416A863251C42E600BD177C /* iUIPageControlFix4iOS14 */ = {
			isa = PBXNativeTarget;
			buildConfigurationList = 0416A87D251C42EA00BD177C /* Build configuration list for PBXNativeTarget "iUIPageControlFix4iOS14" */;
			buildPhases = (
				2835D54923458F8883E99DDE /* [CP] Check Pods Manifest.lock */,
				0416A860251C42E600BD177C /* Sources */,
				0416A861251C42E600BD177C /* Frameworks */,
				0416A862251C42E600BD177C /* Resources */,
			);
			buildRules = (
			);
			dependencies = (
			);
			name = iUIPageControlFix4iOS14;
			productName = iUIPageControlFix4iOS14;
			productReference = 0416A864251C42E600BD177C /* iUIPageControlFix4iOS14.app */;
			productType = "com.apple.product-type.application";
		};
/* End PBXNativeTarget section */

/* Begin PBXProject section */
		0416A85C251C42E600BD177C /* Project object */ = {
			isa = PBXProject;
			attributes = {
				CLASSPREFIX = KN;
				LastUpgradeCheck = 1200;
				TargetAttributes = {
					0416A863251C42E600BD177C = {
						CreatedOnToolsVersion = 12.0;
					};
				};
			};
			buildConfigurationList = 0416A85F251C42E600BD177C /* Build configuration list for PBXProject "iUIPageControlFix4iOS14" */;
			compatibilityVersion = "Xcode 9.3";
			developmentRegion = en;
			hasScannedForEncodings = 0;
			knownRegions = (
				en,
				Base,
				"zh-Hans",
			);
			mainGroup = 0416A85B251C42E600BD177C;
			productRefGroup = 0416A865251C42E600BD177C /* Products */;
			projectDirPath = "";
			projectRoot = "";
			targets = (
				0416A863251C42E600BD177C /* iUIPageControlFix4iOS14 */,
			);
		};
/* End PBXProject section */

/* Begin PBXResourcesBuildPhase section */
		0416A862251C42E600BD177C /* Resources */ = {
			isa = PBXResourcesBuildPhase;
			buildActionMask = 2147483647;
			files = (
				0416A877251C42EA00BD177C /* LaunchScreen.storyboard in Resources */,
				04560928251D80D700E5F975 /* Localizable.strings in Resources */,
				0416A874251C42EA00BD177C /* Assets.xcassets in Resources */,
				0416A872251C42E600BD177C /* Main.storyboard in Resources */,
			);
			runOnlyForDeploymentPostprocessing = 0;
		};
/* End PBXResourcesBuildPhase section */

/* Begin PBXShellScriptBuildPhase section */
		2835D54923458F8883E99DDE /* [CP] Check Pods Manifest.lock */ = {
			isa = PBXShellScriptBuildPhase;
			buildActionMask = 2147483647;
			files = (
			);
			inputFileListPaths = (
			);
			inputPaths = (
				"${PODS_PODFILE_DIR_PATH}/Podfile.lock",
				"${PODS_ROOT}/Manifest.lock",
			);
			name = "[CP] Check Pods Manifest.lock";
			outputFileListPaths = (
			);
			outputPaths = (
				"$(DERIVED_FILE_DIR)/Pods-iUIPageControlFix4iOS14-checkManifestLockResult.txt",
			);
			runOnlyForDeploymentPostprocessing = 0;
			shellPath = /bin/sh;
			shellScript = "diff \"${PODS_PODFILE_DIR_PATH}/Podfile.lock\" \"${PODS_ROOT}/Manifest.lock\" > /dev/null\nif [ $? != 0 ] ; then\n    # print error to STDERR\n    echo \"error: The sandbox is not in sync with the Podfile.lock. Run 'pod install' or update your CocoaPods installation.\" >&2\n    exit 1\nfi\n# This output is used by Xcode 'outputs' to avoid re-running this script phase.\necho \"SUCCESS\" > \"${SCRIPT_OUTPUT_FILE_0}\"\n";
			showEnvVarsInLog = 0;
		};
/* End PBXShellScriptBuildPhase section */

/* Begin PBXSourcesBuildPhase section */
		0416A860251C42E600BD177C /* Sources */ = {
			isa = PBXSourcesBuildPhase;
			buildActionMask = 2147483647;
			files = (
				0416A86F251C42E600BD177C /* ViewController.m in Sources */,
				0416A884251C45B800BD177C /* UIPageControl+Fix4iOS14.m in Sources */,
				0416A869251C42E600BD177C /* AppDelegate.m in Sources */,
				0416A87A251C42EA00BD177C /* main.m in Sources */,
				04560933251D830600E5F975 /* KNLanguageManager.m in Sources */,
				0416A86C251C42E600BD177C /* SceneDelegate.m in Sources */,
				04560941251D8F1D00E5F975 /* KNchangeRootVCTool.m in Sources */,
			);
			runOnlyForDeploymentPostprocessing = 0;
		};
/* End PBXSourcesBuildPhase section */

/* Begin PBXVariantGroup section */
		0416A870251C42E600BD177C /* Main.storyboard */ = {
			isa = PBXVariantGroup;
			children = (
				0416A871251C42E600BD177C /* Base */,
				0456092C251D80EA00E5F975 /* zh-Hans */,
			);
			name = Main.storyboard;
			sourceTree = "<group>";
		};
		0416A875251C42EA00BD177C /* LaunchScreen.storyboard */ = {
			isa = PBXVariantGroup;
			children = (
				0416A876251C42EA00BD177C /* Base */,
				0456092D251D80EB00E5F975 /* zh-Hans */,
			);
			name = LaunchScreen.storyboard;
			sourceTree = "<group>";
		};
		0456092A251D80D700E5F975 /* Localizable.strings */ = {
			isa = PBXVariantGroup;
			children = (
				04560929251D80D700E5F975 /* en */,
				0456092E251D80EB00E5F975 /* zh-Hans */,
			);
			name = Localizable.strings;
			sourceTree = "<group>";
		};
/* End PBXVariantGroup section */

/* Begin XCBuildConfiguration section */
		0416A87B251C42EA00BD177C /* Debug */ = {
			isa = XCBuildConfiguration;
			buildSettings = {
				ALWAYS_SEARCH_USER_PATHS = NO;
				CLANG_ANALYZER_LOCALIZABILITY_NONLOCALIZED = YES;
				CLANG_ANALYZER_NONNULL = YES;
				CLANG_ANALYZER_NUMBER_OBJECT_CONVERSION = YES_AGGRESSIVE;
				CLANG_CXX_LANGUAGE_STANDARD = "gnu++14";
				CLANG_CXX_LIBRARY = "libc++";
				CLANG_ENABLE_MODULES = YES;
				CLANG_ENABLE_OBJC_ARC = YES;
				CLANG_ENABLE_OBJC_WEAK = YES;
				CLANG_WARN_BLOCK_CAPTURE_AUTORELEASING = YES;
				CLANG_WARN_BOOL_CONVERSION = YES;
				CLANG_WARN_COMMA = YES;
				CLANG_WARN_CONSTANT_CONVERSION = YES;
				CLANG_WARN_DEPRECATED_OBJC_IMPLEMENTATIONS = YES;
				CLANG_WARN_DIRECT_OBJC_ISA_USAGE = YES_ERROR;
				CLANG_WARN_DOCUMENTATION_COMMENTS = YES;
				CLANG_WARN_EMPTY_BODY = YES;
				CLANG_WARN_ENUM_CONVERSION = YES;
				CLANG_WARN_INFINITE_RECURSION = YES;
				CLANG_WARN_INT_CONVERSION = YES;
				CLANG_WARN_NON_LITERAL_NULL_CONVERSION = YES;
				CLANG_WARN_OBJC_IMPLICIT_RETAIN_SELF = YES;
				CLANG_WARN_OBJC_LITERAL_CONVERSION = YES;
				CLANG_WARN_OBJC_ROOT_CLASS = YES_ERROR;
				CLANG_WARN_QUOTED_INCLUDE_IN_FRAMEWORK_HEADER = YES;
				CLANG_WARN_RANGE_LOOP_ANALYSIS = YES;
				CLANG_WARN_STRICT_PROTOTYPES = YES;
				CLANG_WARN_SUSPICIOUS_MOVE = YES;
				CLANG_WARN_UNGUARDED_AVAILABILITY = YES_AGGRESSIVE;
				CLANG_WARN_UNREACHABLE_CODE = YES;
				CLANG_WARN__DUPLICATE_METHOD_MATCH = YES;
				COPY_PHASE_STRIP = NO;
				DEBUG_INFORMATION_FORMAT = dwarf;
				ENABLE_STRICT_OBJC_MSGSEND = YES;
				ENABLE_TESTABILITY = YES;
				GCC_C_LANGUAGE_STANDARD = gnu11;
				GCC_DYNAMIC_NO_PIC = NO;
				GCC_NO_COMMON_BLOCKS = YES;
				GCC_OPTIMIZATION_LEVEL = 0;
				GCC_PREPROCESSOR_DEFINITIONS = (
					"DEBUG=1",
					"$(inherited)",
				);
				GCC_WARN_64_TO_32_BIT_CONVERSION = YES;
				GCC_WARN_ABOUT_RETURN_TYPE = YES_ERROR;
				GCC_WARN_UNDECLARED_SELECTOR = YES;
				GCC_WARN_UNINITIALIZED_AUTOS = YES_AGGRESSIVE;
				GCC_WARN_UNUSED_FUNCTION = YES;
				GCC_WARN_UNUSED_VARIABLE = YES;
				IPHONEOS_DEPLOYMENT_TARGET = 14.0;
				MTL_ENABLE_DEBUG_INFO = INCLUDE_SOURCE;
				MTL_FAST_MATH = YES;
				ONLY_ACTIVE_ARCH = YES;
				SDKROOT = iphoneos;
			};
			name = Debug;
		};
		0416A87C251C42EA00BD177C /* Release */ = {
			isa = XCBuildConfiguration;
			buildSettings = {
				ALWAYS_SEARCH_USER_PATHS = NO;
				CLANG_ANALYZER_LOCALIZABILITY_NONLOCALIZED = YES;
				CLANG_ANALYZER_NONNULL = YES;
				CLANG_ANALYZER_NUMBER_OBJECT_CONVERSION = YES_AGGRESSIVE;
				CLANG_CXX_LANGUAGE_STANDARD = "gnu++14";
				CLANG_CXX_LIBRARY = "libc++";
				CLANG_ENABLE_MODULES = YES;
				CLANG_ENABLE_OBJC_ARC = YES;
				CLANG_ENABLE_OBJC_WEAK = YES;
				CLANG_WARN_BLOCK_CAPTURE_AUTORELEASING = YES;
				CLANG_WARN_BOOL_CONVERSION = YES;
				CLANG_WARN_COMMA = YES;
				CLANG_WARN_CONSTANT_CONVERSION = YES;
				CLANG_WARN_DEPRECATED_OBJC_IMPLEMENTATIONS = YES;
				CLANG_WARN_DIRECT_OBJC_ISA_USAGE = YES_ERROR;
				CLANG_WARN_DOCUMENTATION_COMMENTS = YES;
				CLANG_WARN_EMPTY_BODY = YES;
				CLANG_WARN_ENUM_CONVERSION = YES;
				CLANG_WARN_INFINITE_RECURSION = YES;
				CLANG_WARN_INT_CONVERSION = YES;
				CLANG_WARN_NON_LITERAL_NULL_CONVERSION = YES;
				CLANG_WARN_OBJC_IMPLICIT_RETAIN_SELF = YES;
				CLANG_WARN_OBJC_LITERAL_CONVERSION = YES;
				CLANG_WARN_OBJC_ROOT_CLASS = YES_ERROR;
				CLANG_WARN_QUOTED_INCLUDE_IN_FRAMEWORK_HEADER = YES;
				CLANG_WARN_RANGE_LOOP_ANALYSIS = YES;
				CLANG_WARN_STRICT_PROTOTYPES = YES;
				CLANG_WARN_SUSPICIOUS_MOVE = YES;
				CLANG_WARN_UNGUARDED_AVAILABILITY = YES_AGGRESSIVE;
				CLANG_WARN_UNREACHABLE_CODE = YES;
				CLANG_WARN__DUPLICATE_METHOD_MATCH = YES;
				COPY_PHASE_STRIP = NO;
				DEBUG_INFORMATION_FORMAT = "dwarf-with-dsym";
				ENABLE_NS_ASSERTIONS = NO;
				ENABLE_STRICT_OBJC_MSGSEND = YES;
				GCC_C_LANGUAGE_STANDARD = gnu11;
				GCC_NO_COMMON_BLOCKS = YES;
				GCC_WARN_64_TO_32_BIT_CONVERSION = YES;
				GCC_WARN_ABOUT_RETURN_TYPE = YES_ERROR;
				GCC_WARN_UNDECLARED_SELECTOR = YES;
				GCC_WARN_UNINITIALIZED_AUTOS = YES_AGGRESSIVE;
				GCC_WARN_UNUSED_FUNCTION = YES;
				GCC_WARN_UNUSED_VARIABLE = YES;
				IPHONEOS_DEPLOYMENT_TARGET = 14.0;
				MTL_ENABLE_DEBUG_INFO = NO;
				MTL_FAST_MATH = YES;
				SDKROOT = iphoneos;
				VALIDATE_PRODUCT = YES;
			};
			name = Release;
		};
		0416A87E251C42EA00BD177C /* Debug */ = {
			isa = XCBuildConfiguration;
			baseConfigurationReference = 5AE39AEF2D3BE397AF13206A /* Pods-iUIPageControlFix4iOS14.debug.xcconfig */;
			buildSettings = {
				ASSETCATALOG_COMPILER_APPICON_NAME = AppIcon;
				ASSETCATALOG_COMPILER_GLOBAL_ACCENT_COLOR_NAME = AccentColor;
				CODE_SIGN_STYLE = Automatic;
				DEVELOPMENT_TEAM = 249PMS4KB9;
				INFOPLIST_FILE = iUIPageControlFix4iOS14/Info.plist;
				LD_RUNPATH_SEARCH_PATHS = (
					"$(inherited)",
					"@executable_path/Frameworks",
				);
				PRODUCT_BUNDLE_IDENTIFIER = com.kunnan.iUIPageControlFix4iOS14;
				PRODUCT_NAME = "$(TARGET_NAME)";
				TARGETED_DEVICE_FAMILY = "1,2";
			};
			name = Debug;
		};
		0416A87F251C42EA00BD177C /* Release */ = {
			isa = XCBuildConfiguration;
			baseConfigurationReference = A16CF6C4961D28453F99ED72 /* Pods-iUIPageControlFix4iOS14.release.xcconfig */;
			buildSettings = {
				ASSETCATALOG_COMPILER_APPICON_NAME = AppIcon;
				ASSETCATALOG_COMPILER_GLOBAL_ACCENT_COLOR_NAME = AccentColor;
				CODE_SIGN_STYLE = Automatic;
				DEVELOPMENT_TEAM = 249PMS4KB9;
				INFOPLIST_FILE = iUIPageControlFix4iOS14/Info.plist;
				LD_RUNPATH_SEARCH_PATHS = (
					"$(inherited)",
					"@executable_path/Frameworks",
				);
				PRODUCT_BUNDLE_IDENTIFIER = com.kunnan.iUIPageControlFix4iOS14;
				PRODUCT_NAME = "$(TARGET_NAME)";
				TARGETED_DEVICE_FAMILY = "1,2";
			};
			name = Release;
		};
/* End XCBuildConfiguration section */

/* Begin XCConfigurationList section */
		0416A85F251C42E600BD177C /* Build configuration list for PBXProject "iUIPageControlFix4iOS14" */ = {
			isa = XCConfigurationList;
			buildConfigurations = (
				0416A87B251C42EA00BD177C /* Debug */,
				0416A87C251C42EA00BD177C /* Release */,
			);
			defaultConfigurationIsVisible = 0;
			defaultConfigurationName = Release;
		};
		0416A87D251C42EA00BD177C /* Build configuration list for PBXNativeTarget "iUIPageControlFix4iOS14" */ = {
			isa = XCConfigurationList;
			buildConfigurations = (
				0416A87E251C42EA00BD177C /* Debug */,
				0416A87F251C42EA00BD177C /* Release */,
			);
			defaultConfigurationIsVisible = 0;
			defaultConfigurationName = Release;
		};
/* End XCConfigurationList section */
	};
	rootObject = 0416A85C251C42E600BD177C /* Project object */;
}
